// !$*UTF8*$!
{
	archiveVersion = 1;
	classes = {
	};
	objectVersion = 54;
	objects = {

/* Begin PBXBuildFile section */
		D4F8A2142B68130000A75B9A /* DBDiscoveredEntry.m in Sources */ = {isa = PBXBuildFile; fileRef = D4F8A2162B68130000A75B9A /* DBDiscoveredEntry.m */; };
		D4F8A2172B68130000A75B9A /* DBMediaTypeHintResolver.m in Sources */ = {isa = PBXBuildFile; fileRef = D4F8A2192B68130000A75B9A /* DBMediaTypeHintResolver.m */; };
		D4F8A21A2B68130000A75B9A /* DBDiscoveryEmitter.mm in Sources */ = {isa = PBXBuildFile; fileRef = D4F8A21C2B68130000A75B9A /* DBDiscoveryEmitter.mm */; };
		D4F8A21D2B68130000A75B9A /* DBDiscoveredEntry.m in Sources */ = {isa = PBXBuildFile; fileRef = D4F8A2162B68130000A75B9A /* DBDiscoveredEntry.m */; };
		D4F8A21E2B68130000A75B9A /* DBMediaTypeHintResolver.m in Sources */ = {isa = PBXBuildFile; fileRef = D4F8A2192B68130000A75B9A /* DBMediaTypeHintResolver.m */; };
		D4F8A21F2B68130000A75B9A /* DBDiscoveryEmitter.mm in Sources */ = {isa = PBXBuildFile; fileRef = D4F8A21C2B68130000A75B9A /* DBDiscoveryEmitter.mm */; };
		D4F8A2202B68130000A75B9A /* DBMediaTypeHintResolverTests.m in Sources */ = {isa = PBXBuildFile; fileRef = D4F8A2222B68130000A75B9A /* DBMediaTypeHintResolverTests.m */; };
		D4F8A2232B68130000A75B9A /* DBDiscoveryEmitterTests.m in Sources */ = {isa = PBXBuildFile; fileRef = D4F8A2252B68130000A75B9A /* DBDiscoveryEmitterTests.m */; };
		D4F8A2272B68140000A75B9A /* DBPhAssetRecord.m in Sources */ = {isa = PBXBuildFile; fileRef = D4F8A2292B68140000A75B9A /* DBPhAssetRecord.m */; };
		D4F8A22A2B68140000A75B9A /* DBPhotosPhAssetDiscoverySource.m in Sources */ = {isa = PBXBuildFile; fileRef = D4F8A22C2B68140000A75B9A /* DBPhotosPhAssetDiscoverySource.m */; };
		D4F8A22D2B68140000A75B9A /* DBPhAssetRecord.m in Sources */ = {isa = PBXBuildFile; fileRef = D4F8A2292B68140000A75B9A /* DBPhAssetRecord.m */; };
		D4F8A22E2B68140000A75B9A /* DBPhotosPhAssetDiscoverySource.m in Sources */ = {isa = PBXBuildFile; fileRef = D4F8A22C2B68140000A75B9A /* DBPhotosPhAssetDiscoverySource.m */; };
		D4F8A22F2B68140000A75B9A /* DBDiscoveryEmitterModeBTests.m in Sources */ = {isa = PBXBuildFile; fileRef = D4F8A2312B68140000A75B9A /* DBDiscoveryEmitterModeBTests.m */; };
		D4F8A2322B68140000A75B9A /* Photos.framework in Frameworks */ = {isa = PBXBuildFile; fileRef = D4F8A2332B68140000A75B9A /* Photos.framework */; };
		D4F8A2342B68140000A75B9A /* Photos.framework in Frameworks */ = {isa = PBXBuildFile; fileRef = D4F8A2332B68140000A75B9A /* Photos.framework */; };
		D4F8A2402B68150000A75B9A /* DBFileStat.m in Sources */ = {isa = PBXBuildFile; fileRef = D4F8A2422B68150000A75B9A /* DBFileStat.m */; };
		D4F8A2412B68150000A75B9A /* DBStagedFile.m in Sources */ = {isa = PBXBuildFile; fileRef = D4F8A2442B68150000A75B9A /* DBStagedFile.m */; };
		D4F8A2452B68150000A75B9A /* DBFileStatReader.mm in Sources */ = {isa = PBXBuildFile; fileRef = D4F8A2472B68150000A75B9A /* DBFileStatReader.mm */; };
		D4F8A2462B68150000A75B9A /* DBStatStage.mm in Sources */ = {isa = PBXBuildFile; fileRef = D4F8A2492B68150000A75B9A /* DBStatStage.mm */; };
		D4F8A24A2B68150000A75B9A /* DBFileStat.m in Sources */ = {isa = PBXBuildFile; fileRef = D4F8A2422B68150000A75B9A /* DBFileStat.m */; };
		D4F8A24B2B68150000A75B9A /* DBStagedFile.m in Sources */ = {isa = PBXBuildFile; fileRef = D4F8A2442B68150000A75B9A /* DBStagedFile.m */; };
		D4F8A24C2B68150000A75B9A /* DBFileStatReader.mm in Sources */ = {isa = PBXBuildFile; fileRef = D4F8A2472B68150000A75B9A /* DBFileStatReader.mm */; };
		D4F8A24D2B68150000A75B9A /* DBStatStage.mm in Sources */ = {isa = PBXBuildFile; fileRef = D4F8A2492B68150000A75B9A /* DBStatStage.mm */; };
		D4F8A24E2B68150000A75B9A /* DBStatStageTests.m in Sources */ = {isa = PBXBuildFile; fileRef = D4F8A2502B68150000A75B9A /* DBStatStageTests.m */; };
		D4F8A2072B68120000A75B9A /* DBUriValidator.mm in Sources */ = {isa = PBXBuildFile; fileRef = D4F8A2062B68120000A75B9A /* DBUriValidator.mm */; };
		D4F8A20B2B68120000A75B9A /* DBUriValidator.mm in Sources */ = {isa = PBXBuildFile; fileRef = D4F8A2062B68120000A75B9A /* DBUriValidator.mm */; };
		D4F8A20C2B68120000A75B9A /* DBUriValidatorTests.m in Sources */ = {isa = PBXBuildFile; fileRef = D4F8A20A2B68120000A75B9A /* DBUriValidatorTests.m */; };
		D4F8A2042B68108700A75B9A /* RCTNativeScanEngine.mm in Sources */ = {isa = PBXBuildFile; fileRef = D4F8A2032B68108700A75B9A /* RCTNativeScanEngine.mm */; };
		0C80B921A6F3F58F76C31292 /* libPods-Dupbuster.a in Frameworks */ = {isa = PBXBuildFile; fileRef = 5DCACB8F33CDC322A6C60F78 /* libPods-Dupbuster.a */; };
		13B07FBF1A68108700A75B9A /* Images.xcassets in Resources */ = {isa = PBXBuildFile; fileRef = 13B07FB51A68108700A75B9A /* Images.xcassets */; };
		761780ED2CA45674006654EE /* AppDelegate.swift in Sources */ = {isa = PBXBuildFile; fileRef = 761780EC2CA45674006654EE /* AppDelegate.swift */; };
		81AB9BB82411601600AC10FF /* LaunchScreen.storyboard in Resources */ = {isa = PBXBuildFile; fileRef = 81AB9BB72411601600AC10FF /* LaunchScreen.storyboard */; };
/* End PBXBuildFile section */

/* Begin PBXFileReference section */
		13B07F961A680F5B00A75B9A /* Dupbuster.app */ = {isa = PBXFileReference; explicitFileType = wrapper.application; includeInIndex = 0; path = Dupbuster.app; sourceTree = BUILT_PRODUCTS_DIR; };
		13B07FB51A68108700A75B9A /* Images.xcassets */ = {isa = PBXFileReference; lastKnownFileType = folder.assetcatalog; name = Images.xcassets; path = Dupbuster/Images.xcassets; sourceTree = "<group>"; };
		13B07FB61A68108700A75B9A /* Info.plist */ = {isa = PBXFileReference; fileEncoding = 4; lastKnownFileType = text.plist.xml; name = Info.plist; path = Dupbuster/Info.plist; sourceTree = "<group>"; };
		13B07FB81A68108700A75B9A /* PrivacyInfo.xcprivacy */ = {isa = PBXFileReference; fileEncoding = 4; lastKnownFileType = text.plist.xml; name = PrivacyInfo.xcprivacy; path = Dupbuster/PrivacyInfo.xcprivacy; sourceTree = "<group>"; };
		3B4392A12AC88292D35C810B /* Pods-Dupbuster.debug.xcconfig */ = {isa = PBXFileReference; includeInIndex = 1; lastKnownFileType = text.xcconfig; name = "Pods-Dupbuster.debug.xcconfig"; path = "Target Support Files/Pods-Dupbuster/Pods-Dupbuster.debug.xcconfig"; sourceTree = "<group>"; };
		5709B34CF0A7D63546082F79 /* Pods-Dupbuster.release.xcconfig */ = {isa = PBXFileReference; includeInIndex = 1; lastKnownFileType = text.xcconfig; name = "Pods-Dupbuster.release.xcconfig"; path = "Target Support Files/Pods-Dupbuster/Pods-Dupbuster.release.xcconfig"; sourceTree = "<group>"; };
		5DCACB8F33CDC322A6C60F78 /* libPods-Dupbuster.a */ = {isa = PBXFileReference; explicitFileType = archive.ar; includeInIndex = 0; path = "libPods-Dupbuster.a"; sourceTree = BUILT_PRODUCTS_DIR; };
		D4F8A2022B68108700A75B9A /* RCTNativeScanEngine.h */ = {isa = PBXFileReference; fileEncoding = 4; lastKnownFileType = sourcecode.c.h; name = RCTNativeScanEngine.h; path = ScanEngine/RCTNativeScanEngine.h; sourceTree = "<group>"; };
		D4F8A2032B68108700A75B9A /* RCTNativeScanEngine.mm */ = {isa = PBXFileReference; fileEncoding = 4; lastKnownFileType = sourcecode.cpp.objcpp; name = RCTNativeScanEngine.mm; path = ScanEngine/RCTNativeScanEngine.mm; sourceTree = "<group>"; };
		D4F8A2052B68120000A75B9A /* DBUriValidator.h */ = {isa = PBXFileReference; fileEncoding = 4; lastKnownFileType = sourcecode.c.h; name = DBUriValidator.h; path = ScanEngine/Security/DBUriValidator.h; sourceTree = "<group>"; };
		D4F8A2062B68120000A75B9A /* DBUriValidator.mm */ = {isa = PBXFileReference; fileEncoding = 4; lastKnownFileType = sourcecode.cpp.objcpp; name = DBUriValidator.mm; path = ScanEngine/Security/DBUriValidator.mm; sourceTree = "<group>"; };
		D4F8A2092B68120000A75B9A /* DupbusterScanEngineTests.xctest */ = {isa = PBXFileReference; explicitFileType = wrapper.cfbundle; includeInIndex = 0; path = DupbusterScanEngineTests.xctest; sourceTree = BUILT_PRODUCTS_DIR; };
		D4F8A20A2B68120000A75B9A /* DBUriValidatorTests.m */ = {isa = PBXFileReference; fileEncoding = 4; lastKnownFileType = sourcecode.c.objc; name = DBUriValidatorTests.m; path = ScanEngineTests/DBUriValidatorTests.m; sourceTree = "<group>"; };
		D4F8A2152B68130000A75B9A /* DBDiscoveredEntry.h */ = {isa = PBXFileReference; fileEncoding = 4; lastKnownFileType = sourcecode.c.h; name = DBDiscoveredEntry.h; path = ScanEngine/Discovery/DBDiscoveredEntry.h; sourceTree = "<group>"; };
		D4F8A2162B68130000A75B9A /* DBDiscoveredEntry.m */ = {isa = PBXFileReference; fileEncoding = 4; lastKnownFileType = sourcecode.c.objc; name = DBDiscoveredEntry.m; path = ScanEngine/Discovery/DBDiscoveredEntry.m; sourceTree = "<group>"; };
		D4F8A2182B68130000A75B9A /* DBMediaTypeHintResolver.h */ = {isa = PBXFileReference; fileEncoding = 4; lastKnownFileType = sourcecode.c.h; name = DBMediaTypeHintResolver.h; path = ScanEngine/Discovery/DBMediaTypeHintResolver.h; sourceTree = "<group>"; };
		D4F8A2192B68130000A75B9A /* DBMediaTypeHintResolver.m */ = {isa = PBXFileReference; fileEncoding = 4; lastKnownFileType = sourcecode.c.objc; name = DBMediaTypeHintResolver.m; path = ScanEngine/Discovery/DBMediaTypeHintResolver.m; sourceTree = "<group>"; };
		D4F8A21B2B68130000A75B9A /* DBDiscoveryEmitter.h */ = {isa = PBXFileReference; fileEncoding = 4; lastKnownFileType = sourcecode.c.h; name = DBDiscoveryEmitter.h; path = ScanEngine/Discovery/DBDiscoveryEmitter.h; sourceTree = "<group>"; };
		D4F8A21C2B68130000A75B9A /* DBDiscoveryEmitter.mm */ = {isa = PBXFileReference; fileEncoding = 4; lastKnownFileType = sourcecode.cpp.objcpp; name = DBDiscoveryEmitter.mm; path = ScanEngine/Discovery/DBDiscoveryEmitter.mm; sourceTree = "<group>"; };
		D4F8A2222B68130000A75B9A /* DBMediaTypeHintResolverTests.m */ = {isa = PBXFileReference; fileEncoding = 4; lastKnownFileType = sourcecode.c.objc; name = DBMediaTypeHintResolverTests.m; path = ScanEngineTests/DBMediaTypeHintResolverTests.m; sourceTree = "<group>"; };
		D4F8A2252B68130000A75B9A /* DBDiscoveryEmitterTests.m */ = {isa = PBXFileReference; fileEncoding = 4; lastKnownFileType = sourcecode.c.objc; name = DBDiscoveryEmitterTests.m; path = ScanEngineTests/DBDiscoveryEmitterTests.m; sourceTree = "<group>"; };
		D4F8A2282B68140000A75B9A /* DBPhAssetRecord.h */ = {isa = PBXFileReference; fileEncoding = 4; lastKnownFileType = sourcecode.c.h; name = DBPhAssetRecord.h; path = ScanEngine/Discovery/DBPhAssetRecord.h; sourceTree = "<group>"; };
		D4F8A2292B68140000A75B9A /* DBPhAssetRecord.m */ = {isa = PBXFileReference; fileEncoding = 4; lastKnownFileType = sourcecode.c.objc; name = DBPhAssetRecord.m; path = ScanEngine/Discovery/DBPhAssetRecord.m; sourceTree = "<group>"; };
		D4F8A22B2B68140000A75B9A /* DBPhAssetDiscoverySource.h */ = {isa = PBXFileReference; fileEncoding = 4; lastKnownFileType = sourcecode.c.h; name = DBPhAssetDiscoverySource.h; path = ScanEngine/Discovery/DBPhAssetDiscoverySource.h; sourceTree = "<group>"; };
		D4F8A22C2B68140000A75B9A /* DBPhotosPhAssetDiscoverySource.m */ = {isa = PBXFileReference; fileEncoding = 4; lastKnownFileType = sourcecode.c.objc; name = DBPhotosPhAssetDiscoverySource.m; path = ScanEngine/Discovery/DBPhotosPhAssetDiscoverySource.m; sourceTree = "<group>"; };
		D4F8A2302B68140000A75B9A /* DBPhotosPhAssetDiscoverySource.h */ = {isa = PBXFileReference; fileEncoding = 4; lastKnownFileType = sourcecode.c.h; name = DBPhotosPhAssetDiscoverySource.h; path = ScanEngine/Discovery/DBPhotosPhAssetDiscoverySource.h; sourceTree = "<group>"; };
		D4F8A2312B68140000A75B9A /* DBDiscoveryEmitterModeBTests.m */ = {isa = PBXFileReference; fileEncoding = 4; lastKnownFileType = sourcecode.c.objc; name = DBDiscoveryEmitterModeBTests.m; path = ScanEngineTests/DBDiscoveryEmitterModeBTests.m; sourceTree = "<group>"; };
		D4F8A2332B68140000A75B9A /* Photos.framework */ = {isa = PBXFileReference; lastKnownFileType = wrapper.framework; name = Photos.framework; path = System/Library/Frameworks/Photos.framework; sourceTree = SDKROOT; };
		D4F8A2432B68150000A75B9A /* DBFileStat.h */ = {isa = PBXFileReference; fileEncoding = 4; lastKnownFileType = sourcecode.c.h; name = DBFileStat.h; path = ScanEngine/Stat/DBFileStat.h; sourceTree = "<group>"; };
		D4F8A2422B68150000A75B9A /* DBFileStat.m */ = {isa = PBXFileReference; fileEncoding = 4; lastKnownFileType = sourcecode.c.objc; name = DBFileStat.m; path = ScanEngine/Stat/DBFileStat.m; sourceTree = "<group>"; };
		D4F8A2442B68150000A75B9A /* DBStagedFile.m */ = {isa = PBXFileReference; fileEncoding = 4; lastKnownFileType = sourcecode.c.objc; name = DBStagedFile.m; path = ScanEngine/Stat/DBStagedFile.m; sourceTree = "<group>"; };
		D4F8A2482B68150000A75B9A /* DBStagedFile.h */ = {isa = PBXFileReference; fileEncoding = 4; lastKnownFileType = sourcecode.c.h; name = DBStagedFile.h; path = ScanEngine/Stat/DBStagedFile.h; sourceTree = "<group>"; };
		D4F8A2522B68150000A75B9A /* DBFileStatReading.h */ = {isa = PBXFileReference; fileEncoding = 4; lastKnownFileType = sourcecode.c.h; name = DBFileStatReading.h; path = ScanEngine/Stat/DBFileStatReading.h; sourceTree = "<group>"; };
		D4F8A2532B68150000A75B9A /* DBFileStatReader.h */ = {isa = PBXFileReference; fileEncoding = 4; lastKnownFileType = sourcecode.c.h; name = DBFileStatReader.h; path = ScanEngine/Stat/DBFileStatReader.h; sourceTree = "<group>"; };
		D4F8A2472B68150000A75B9A /* DBFileStatReader.mm */ = {isa = PBXFileReference; fileEncoding = 4; lastKnownFileType = sourcecode.cpp.objcpp; name = DBFileStatReader.mm; path = ScanEngine/Stat/DBFileStatReader.mm; sourceTree = "<group>"; };
		D4F8A2492B68150000A75B9A /* DBStatStage.mm */ = {isa = PBXFileReference; fileEncoding = 4; lastKnownFileType = sourcecode.cpp.objcpp; name = DBStatStage.mm; path = ScanEngine/Stat/DBStatStage.mm; sourceTree = "<group>"; };
		D4F8A2542B68150000A75B9A /* DBStatStage.h */ = {isa = PBXFileReference; fileEncoding = 4; lastKnownFileType = sourcecode.c.h; name = DBStatStage.h; path = ScanEngine/Stat/DBStatStage.h; sourceTree = "<group>"; };
		D4F8A2502B68150000A75B9A /* DBStatStageTests.m */ = {isa = PBXFileReference; fileEncoding = 4; lastKnownFileType = sourcecode.c.objc; name = DBStatStageTests.m; path = ScanEngineTests/DBStatStageTests.m; sourceTree = "<group>"; };
		761780EC2CA45674006654EE /* AppDelegate.swift */ = {isa = PBXFileReference; lastKnownFileType = sourcecode.swift; name = AppDelegate.swift; path = Dupbuster/AppDelegate.swift; sourceTree = "<group>"; };
		81AB9BB72411601600AC10FF /* LaunchScreen.storyboard */ = {isa = PBXFileReference; fileEncoding = 4; lastKnownFileType = file.storyboard; name = LaunchScreen.storyboard; path = Dupbuster/LaunchScreen.storyboard; sourceTree = "<group>"; };
		ED297162215061F000B7C4FE /* JavaScriptCore.framework */ = {isa = PBXFileReference; lastKnownFileType = wrapper.framework; name = JavaScriptCore.framework; path = System/Library/Frameworks/JavaScriptCore.framework; sourceTree = SDKROOT; };
/* End PBXFileReference section */

/* Begin PBXFrameworksBuildPhase section */
		D4F8A20F2B68120000A75B9A /* Frameworks */ = {
			isa = PBXFrameworksBuildPhase;
			buildActionMask = 2147483647;
			files = (
				D4F8A2342B68140000A75B9A /* Photos.framework in Frameworks */,
			);
			runOnlyForDeploymentPostprocessing = 0;
		};
		13B07F8C1A680F5B00A75B9A /* Frameworks */ = {
			isa = PBXFrameworksBuildPhase;
			buildActionMask = 2147483647;
			files = (
				0C80B921A6F3F58F76C31292 /* libPods-Dupbuster.a in Frameworks */,
				D4F8A2322B68140000A75B9A /* Photos.framework in Frameworks */,
			);
			runOnlyForDeploymentPostprocessing = 0;
		};
/* End PBXFrameworksBuildPhase section */

/* Begin PBXGroup section */
		13B07FAE1A68108700A75B9A /* Dupbuster */ = {
			isa = PBXGroup;
			children = (
				13B07FB51A68108700A75B9A /* Images.xcassets */,
				761780EC2CA45674006654EE /* AppDelegate.swift */,
				13B07FB61A68108700A75B9A /* Info.plist */,
				81AB9BB72411601600AC10FF /* LaunchScreen.storyboard */,
				13B07FB81A68108700A75B9A /* PrivacyInfo.xcprivacy */,
			);
			name = Dupbuster;
			sourceTree = "<group>";
		};
		2D16E6871FA4F8E400B85C8A /* Frameworks */ = {
			isa = PBXGroup;
			children = (
				ED297162215061F000B7C4FE /* JavaScriptCore.framework */,
				5DCACB8F33CDC322A6C60F78 /* libPods-Dupbuster.a */,
			);
			name = Frameworks;
			sourceTree = "<group>";
		};
		D4F8A2012B68108700A75B9A /* ScanEngine */ = {
			isa = PBXGroup;
			children = (
				D4F8A2022B68108700A75B9A /* RCTNativeScanEngine.h */,
				D4F8A2032B68108700A75B9A /* RCTNativeScanEngine.mm */,
				D4F8A2082B68120000A75B9A /* Security */,
				D4F8A2262B68130000A75B9A /* Discovery */,
				D4F8A2512B68150000A75B9A /* Stat */,
			);
			name = ScanEngine;
			sourceTree = "<group>";
		};
		D4F8A2262B68130000A75B9A /* Discovery */ = {
			isa = PBXGroup;
			children = (
				D4F8A2152B68130000A75B9A /* DBDiscoveredEntry.h */,
				D4F8A2162B68130000A75B9A /* DBDiscoveredEntry.m */,
				D4F8A2182B68130000A75B9A /* DBMediaTypeHintResolver.h */,
				D4F8A2192B68130000A75B9A /* DBMediaTypeHintResolver.m */,
				D4F8A21B2B68130000A75B9A /* DBDiscoveryEmitter.h */,
				D4F8A21C2B68130000A75B9A /* DBDiscoveryEmitter.mm */,
				D4F8A2282B68140000A75B9A /* DBPhAssetRecord.h */,
				D4F8A2292B68140000A75B9A /* DBPhAssetRecord.m */,
				D4F8A22B2B68140000A75B9A /* DBPhAssetDiscoverySource.h */,
				D4F8A2302B68140000A75B9A /* DBPhotosPhAssetDiscoverySource.h */,
				D4F8A22C2B68140000A75B9A /* DBPhotosPhAssetDiscoverySource.m */,
			);
			name = Discovery;
			sourceTree = "<group>";
		};
		D4F8A2082B68120000A75B9A /* Security */ = {
			isa = PBXGroup;
			children = (
				D4F8A2052B68120000A75B9A /* DBUriValidator.h */,
				D4F8A2062B68120000A75B9A /* DBUriValidator.mm */,
			);
			name = Security;
			sourceTree = "<group>";
		};
		D4F8A2512B68150000A75B9A /* Stat */ = {
			isa = PBXGroup;
			children = (
				D4F8A2432B68150000A75B9A /* DBFileStat.h */,
				D4F8A2422B68150000A75B9A /* DBFileStat.m */,
				D4F8A2482B68150000A75B9A /* DBStagedFile.h */,
				D4F8A2442B68150000A75B9A /* DBStagedFile.m */,
				D4F8A2522B68150000A75B9A /* DBFileStatReading.h */,
				D4F8A2532B68150000A75B9A /* DBFileStatReader.h */,
				D4F8A2472B68150000A75B9A /* DBFileStatReader.mm */,
				D4F8A2542B68150000A75B9A /* DBStatStage.h */,
				D4F8A2492B68150000A75B9A /* DBStatStage.mm */,
			);
			name = Stat;
			sourceTree = "<group>";
		};
		D4F8A20D2B68120000A75B9A /* ScanEngineTests */ = {
			isa = PBXGroup;
			children = (
				D4F8A20A2B68120000A75B9A /* DBUriValidatorTests.m */,
				D4F8A2222B68130000A75B9A /* DBMediaTypeHintResolverTests.m */,
				D4F8A2252B68130000A75B9A /* DBDiscoveryEmitterTests.m */,
				D4F8A2312B68140000A75B9A /* DBDiscoveryEmitterModeBTests.m */,
				D4F8A2502B68150000A75B9A /* DBStatStageTests.m */,
			);
			name = ScanEngineTests;
			sourceTree = "<group>";
		};
		832341AE1AAA6A7D00B99B32 /* Libraries */ = {
			isa = PBXGroup;
			children = (
			);
			name = Libraries;
			sourceTree = "<group>";
		};
		83CBB9F61A601CBA00E9B192 = {
			isa = PBXGroup;
			children = (
				13B07FAE1A68108700A75B9A /* Dupbuster */,
				D4F8A2012B68108700A75B9A /* ScanEngine */,
				D4F8A20D2B68120000A75B9A /* ScanEngineTests */,
				832341AE1AAA6A7D00B99B32 /* Libraries */,
				83CBBA001A601CBA00E9B192 /* Products */,
				2D16E6871FA4F8E400B85C8A /* Frameworks */,
				BBD78D7AC51CEA395F1C20DB /* Pods */,
			);
			indentWidth = 2;
			sourceTree = "<group>";
			tabWidth = 2;
			usesTabs = 0;
		};
		83CBBA001A601CBA00E9B192 /* Products */ = {
			isa = PBXGroup;
			children = (
				13B07F961A680F5B00A75B9A /* Dupbuster.app */,
				D4F8A2092B68120000A75B9A /* DupbusterScanEngineTests.xctest */,
			);
			name = Products;
			sourceTree = "<group>";
		};
		BBD78D7AC51CEA395F1C20DB /* Pods */ = {
			isa = PBXGroup;
			children = (
				3B4392A12AC88292D35C810B /* Pods-Dupbuster.debug.xcconfig */,
				5709B34CF0A7D63546082F79 /* Pods-Dupbuster.release.xcconfig */,
			);
			path = Pods;
			sourceTree = "<group>";
		};
/* End PBXGroup section */

/* Begin PBXNativeTarget section */
		13B07F861A680F5B00A75B9A /* Dupbuster */ = {
			isa = PBXNativeTarget;
			buildConfigurationList = 13B07F931A680F5B00A75B9A /* Build configuration list for PBXNativeTarget "Dupbuster" */;
			buildPhases = (
				C38B50BA6285516D6DCD4F65 /* [CP] Check Pods Manifest.lock */,
				13B07F871A680F5B00A75B9A /* Sources */,
				13B07F8C1A680F5B00A75B9A /* Frameworks */,
				13B07F8E1A680F5B00A75B9A /* Resources */,
				00DD1BFF1BD5951E006B06BC /* Bundle React Native code and images */,
				00EEFC60759A1932668264C0 /* [CP] Embed Pods Frameworks */,
				E235C05ADACE081382539298 /* [CP] Copy Pods Resources */,
			);
			buildRules = (
			);
			dependencies = (
			);
			name = Dupbuster;
			productName = Dupbuster;
			productReference = 13B07F961A680F5B00A75B9A /* Dupbuster.app */;
			productType = "com.apple.product-type.application";
		};
		D4F8A2102B68120000A75B9A /* DupbusterScanEngineTests */ = {
			isa = PBXNativeTarget;
			buildConfigurationList = D4F8A2132B68120000A75B9A /* Build configuration list for PBXNativeTarget "DupbusterScanEngineTests" */;
			buildPhases = (
				D4F8A20E2B68120000A75B9A /* Sources */,
				D4F8A20F2B68120000A75B9A /* Frameworks */,
			);
			buildRules = (
			);
			dependencies = (
			);
			name = DupbusterScanEngineTests;
			productName = DupbusterScanEngineTests;
			productReference = D4F8A2092B68120000A75B9A /* DupbusterScanEngineTests.xctest */;
			productType = "com.apple.product-type.bundle.unit-test";
		};
/* End PBXNativeTarget section */

/* Begin PBXProject section */
		83CBB9F71A601CBA00E9B192 /* Project object */ = {
			isa = PBXProject;
			attributes = {
				LastUpgradeCheck = 1210;
				TargetAttributes = {
					13B07F861A680F5B00A75B9A = {
						LastSwiftMigration = 1120;
					};
				};
			};
			buildConfigurationList = 83CBB9FA1A601CBA00E9B192 /* Build configuration list for PBXProject "Dupbuster" */;
			compatibilityVersion = "Xcode 12.0";
			developmentRegion = en;
			hasScannedForEncodings = 0;
			knownRegions = (
				en,
				Base,
			);
			mainGroup = 83CBB9F61A601CBA00E9B192;
			productRefGroup = 83CBBA001A601CBA00E9B192 /* Products */;
			projectDirPath = "";
			projectRoot = "";
			targets = (
				13B07F861A680F5B00A75B9A /* Dupbuster */,
				D4F8A2102B68120000A75B9A /* DupbusterScanEngineTests */,
			);
		};
/* End PBXProject section */

/* Begin PBXResourcesBuildPhase section */
		13B07F8E1A680F5B00A75B9A /* Resources */ = {
			isa = PBXResourcesBuildPhase;
			buildActionMask = 2147483647;
			files = (
				81AB9BB82411601600AC10FF /* LaunchScreen.storyboard in Resources */,
				13B07FBF1A68108700A75B9A /* Images.xcassets in Resources */,
			);
			runOnlyForDeploymentPostprocessing = 0;
		};
/* End PBXResourcesBuildPhase section */

/* Begin PBXShellScriptBuildPhase section */
		00DD1BFF1BD5951E006B06BC /* Bundle React Native code and images */ = {
			isa = PBXShellScriptBuildPhase;
			buildActionMask = 2147483647;
			files = (
			);
			inputPaths = (
				"$(SRCROOT)/.xcode.env.local",
				"$(SRCROOT)/.xcode.env",
			);
			name = "Bundle React Native code and images";
			outputPaths = (
			);
			runOnlyForDeploymentPostprocessing = 0;
			shellPath = /bin/sh;
			shellScript = "set -e\n\nWITH_ENVIRONMENT=\"$REACT_NATIVE_PATH/scripts/xcode/with-environment.sh\"\nREACT_NATIVE_XCODE=\"$REACT_NATIVE_PATH/scripts/react-native-xcode.sh\"\n\n/bin/sh -c \"\\\"$WITH_ENVIRONMENT\\\" \\\"$REACT_NATIVE_XCODE\\\"\"\n";
		};
		00EEFC60759A1932668264C0 /* [CP] Embed Pods Frameworks */ = {
			isa = PBXShellScriptBuildPhase;
			buildActionMask = 2147483647;
			files = (
			);
			inputFileListPaths = (
				"${PODS_ROOT}/Target Support Files/Pods-Dupbuster/Pods-Dupbuster-frameworks-${CONFIGURATION}-input-files.xcfilelist",
			);
			name = "[CP] Embed Pods Frameworks";
			outputFileListPaths = (
				"${PODS_ROOT}/Target Support Files/Pods-Dupbuster/Pods-Dupbuster-frameworks-${CONFIGURATION}-output-files.xcfilelist",
			);
			runOnlyForDeploymentPostprocessing = 0;
			shellPath = /bin/sh;
			shellScript = "\"${PODS_ROOT}/Target Support Files/Pods-Dupbuster/Pods-Dupbuster-frameworks.sh\"\n";
			showEnvVarsInLog = 0;
		};
		C38B50BA6285516D6DCD4F65 /* [CP] Check Pods Manifest.lock */ = {
			isa = PBXShellScriptBuildPhase;
			buildActionMask = 2147483647;
			files = (
			);
			inputFileListPaths = (
			);
			inputPaths = (
				"${PODS_PODFILE_DIR_PATH}/Podfile.lock",
				"${PODS_ROOT}/Manifest.lock",
			);
			name = "[CP] Check Pods Manifest.lock";
			outputFileListPaths = (
			);
			outputPaths = (
				"$(DERIVED_FILE_DIR)/Pods-Dupbuster-checkManifestLockResult.txt",
			);
			runOnlyForDeploymentPostprocessing = 0;
			shellPath = /bin/sh;
			shellScript = "diff \"${PODS_PODFILE_DIR_PATH}/Podfile.lock\" \"${PODS_ROOT}/Manifest.lock\" > /dev/null\nif [ $? != 0 ] ; then\n    # print error to STDERR\n    echo \"error: The sandbox is not in sync with the Podfile.lock. Run 'pod install' or update your CocoaPods installation.\" >&2\n    exit 1\nfi\n# This output is used by Xcode 'outputs' to avoid re-running this script phase.\necho \"SUCCESS\" > \"${SCRIPT_OUTPUT_FILE_0}\"\n";
			showEnvVarsInLog = 0;
		};
		E235C05ADACE081382539298 /* [CP] Copy Pods Resources */ = {
			isa = PBXShellScriptBuildPhase;
			buildActionMask = 2147483647;
			files = (
			);
			inputFileListPaths = (
				"${PODS_ROOT}/Target Support Files/Pods-Dupbuster/Pods-Dupbuster-resources-${CONFIGURATION}-input-files.xcfilelist",
			);
			name = "[CP] Copy Pods Resources";
			outputFileListPaths = (
				"${PODS_ROOT}/Target Support Files/Pods-Dupbuster/Pods-Dupbuster-resources-${CONFIGURATION}-output-files.xcfilelist",
			);
			runOnlyForDeploymentPostprocessing = 0;
			shellPath = /bin/sh;
			shellScript = "\"${PODS_ROOT}/Target Support Files/Pods-Dupbuster/Pods-Dupbuster-resources.sh\"\n";
			showEnvVarsInLog = 0;
		};
/* End PBXShellScriptBuildPhase section */

/* Begin PBXSourcesBuildPhase section */
		D4F8A20E2B68120000A75B9A /* Sources */ = {
			isa = PBXSourcesBuildPhase;
			buildActionMask = 2147483647;
			files = (
				D4F8A20B2B68120000A75B9A /* DBUriValidator.mm in Sources */,
				D4F8A21D2B68130000A75B9A /* DBDiscoveredEntry.m in Sources */,
				D4F8A21E2B68130000A75B9A /* DBMediaTypeHintResolver.m in Sources */,
				D4F8A21F2B68130000A75B9A /* DBDiscoveryEmitter.mm in Sources */,
				D4F8A22D2B68140000A75B9A /* DBPhAssetRecord.m in Sources */,
				D4F8A22E2B68140000A75B9A /* DBPhotosPhAssetDiscoverySource.m in Sources */,
				D4F8A20C2B68120000A75B9A /* DBUriValidatorTests.m in Sources */,
				D4F8A2202B68130000A75B9A /* DBMediaTypeHintResolverTests.m in Sources */,
				D4F8A2232B68130000A75B9A /* DBDiscoveryEmitterTests.m in Sources */,
				D4F8A22F2B68140000A75B9A /* DBDiscoveryEmitterModeBTests.m in Sources */,
				D4F8A24E2B68150000A75B9A /* DBStatStageTests.m in Sources */,
				D4F8A24A2B68150000A75B9A /* DBFileStat.m in Sources */,
				D4F8A24B2B68150000A75B9A /* DBStagedFile.m in Sources */,
				D4F8A24C2B68150000A75B9A /* DBFileStatReader.mm in Sources */,
				D4F8A24D2B68150000A75B9A /* DBStatStage.mm in Sources */,
			);
			runOnlyForDeploymentPostprocessing = 0;
		};
		13B07F871A680F5B00A75B9A /* Sources */ = {
			isa = PBXSourcesBuildPhase;
			buildActionMask = 2147483647;
			files = (
				761780ED2CA45674006654EE /* AppDelegate.swift in Sources */,
				D4F8A2042B68108700A75B9A /* RCTNativeScanEngine.mm in Sources */,
				D4F8A2072B68120000A75B9A /* DBUriValidator.mm in Sources */,
				D4F8A2142B68130000A75B9A /* DBDiscoveredEntry.m in Sources */,
				D4F8A2172B68130000A75B9A /* DBMediaTypeHintResolver.m in Sources */,
				D4F8A21A2B68130000A75B9A /* DBDiscoveryEmitter.mm in Sources */,
				D4F8A2272B68140000A75B9A /* DBPhAssetRecord.m in Sources */,
				D4F8A22A2B68140000A75B9A /* DBPhotosPhAssetDiscoverySource.m in Sources */,
				D4F8A2402B68150000A75B9A /* DBFileStat.m in Sources */,
				D4F8A2412B68150000A75B9A /* DBStagedFile.m in Sources */,
				D4F8A2452B68150000A75B9A /* DBFileStatReader.mm in Sources */,
				D4F8A2462B68150000A75B9A /* DBStatStage.mm in Sources */,
			);
			runOnlyForDeploymentPostprocessing = 0;
		};
/* End PBXSourcesBuildPhase section */

/* Begin XCBuildConfiguration section */
		13B07F941A680F5B00A75B9A /* Debug */ = {
			isa = XCBuildConfiguration;
			baseConfigurationReference = 3B4392A12AC88292D35C810B /* Pods-Dupbuster.debug.xcconfig */;
			buildSettings = {
				ASSETCATALOG_COMPILER_APPICON_NAME = AppIcon;
				CLANG_ENABLE_MODULES = YES;
				CURRENT_PROJECT_VERSION = 1;
				ENABLE_BITCODE = NO;
				INFOPLIST_FILE = Dupbuster/Info.plist;
				IPHONEOS_DEPLOYMENT_TARGET = 15.1;
				LD_RUNPATH_SEARCH_PATHS = (
					"$(inherited)",
					"@executable_path/Frameworks",
				);
				MARKETING_VERSION = 1.0;
				OTHER_LDFLAGS = (
					"$(inherited)",
					"-ObjC",
					"-lc++",
				);
				PRODUCT_BUNDLE_IDENTIFIER = "org.reactjs.native.example.$(PRODUCT_NAME:rfc1034identifier)";
				PRODUCT_NAME = Dupbuster;
				SUPPORTED_PLATFORMS = "iphoneos iphonesimulator";
				SWIFT_OPTIMIZATION_LEVEL = "-Onone";
				SWIFT_VERSION = 5.0;
				TARGETED_DEVICE_FAMILY = "1,2";
				VERSIONING_SYSTEM = "apple-generic";
			};
			name = Debug;
		};
		13B07F951A680F5B00A75B9A /* Release */ = {
			isa = XCBuildConfiguration;
			baseConfigurationReference = 5709B34CF0A7D63546082F79 /* Pods-Dupbuster.release.xcconfig */;
			buildSettings = {
				ASSETCATALOG_COMPILER_APPICON_NAME = AppIcon;
				CLANG_ENABLE_MODULES = YES;
				CURRENT_PROJECT_VERSION = 1;
				INFOPLIST_FILE = Dupbuster/Info.plist;
				IPHONEOS_DEPLOYMENT_TARGET = 15.1;
				LD_RUNPATH_SEARCH_PATHS = (
					"$(inherited)",
					"@executable_path/Frameworks",
				);
				MARKETING_VERSION = 1.0;
				OTHER_LDFLAGS = (
					"$(inherited)",
					"-ObjC",
					"-lc++",
				);
				PRODUCT_BUNDLE_IDENTIFIER = "org.reactjs.native.example.$(PRODUCT_NAME:rfc1034identifier)";
				PRODUCT_NAME = Dupbuster;
				SUPPORTED_PLATFORMS = "iphoneos iphonesimulator";
				SWIFT_VERSION = 5.0;
				TARGETED_DEVICE_FAMILY = "1,2";
				VERSIONING_SYSTEM = "apple-generic";
			};
			name = Release;
		};
		83CBBA201A601CBA00E9B192 /* Debug */ = {
			isa = XCBuildConfiguration;
			buildSettings = {
				ALWAYS_SEARCH_USER_PATHS = NO;
				CLANG_ANALYZER_LOCALIZABILITY_NONLOCALIZED = YES;
				CLANG_CXX_LANGUAGE_STANDARD = "c++20";
				CLANG_CXX_LIBRARY = "libc++";
				CLANG_ENABLE_MODULES = YES;
				CLANG_ENABLE_OBJC_ARC = YES;
				CLANG_WARN_BLOCK_CAPTURE_AUTORELEASING = YES;
				CLANG_WARN_BOOL_CONVERSION = YES;
				CLANG_WARN_COMMA = YES;
				CLANG_WARN_CONSTANT_CONVERSION = YES;
				CLANG_WARN_DEPRECATED_OBJC_IMPLEMENTATIONS = YES;
				CLANG_WARN_DIRECT_OBJC_ISA_USAGE = YES_ERROR;
				CLANG_WARN_EMPTY_BODY = YES;
				CLANG_WARN_ENUM_CONVERSION = YES;
				CLANG_WARN_INFINITE_RECURSION = YES;
				CLANG_WARN_INT_CONVERSION = YES;
				CLANG_WARN_NON_LITERAL_NULL_CONVERSION = YES;
				CLANG_WARN_OBJC_IMPLICIT_RETAIN_SELF = YES;
				CLANG_WARN_OBJC_LITERAL_CONVERSION = YES;
				CLANG_WARN_OBJC_ROOT_CLASS = YES_ERROR;
				CLANG_WARN_QUOTED_INCLUDE_IN_FRAMEWORK_HEADER = YES;
				CLANG_WARN_RANGE_LOOP_ANALYSIS = YES;
				CLANG_WARN_STRICT_PROTOTYPES = YES;
				CLANG_WARN_SUSPICIOUS_MOVE = YES;
				CLANG_WARN_UNREACHABLE_CODE = YES;
				CLANG_WARN__DUPLICATE_METHOD_MATCH = YES;
				"CODE_SIGN_IDENTITY[sdk=iphoneos*]" = "iPhone Developer";
				COPY_PHASE_STRIP = NO;
				ENABLE_STRICT_OBJC_MSGSEND = YES;
				ENABLE_TESTABILITY = YES;
				"EXCLUDED_ARCHS[sdk=iphonesimulator*]" = "";
				GCC_C_LANGUAGE_STANDARD = gnu99;
				GCC_DYNAMIC_NO_PIC = NO;
				GCC_NO_COMMON_BLOCKS = YES;
				GCC_OPTIMIZATION_LEVEL = 0;
				GCC_PREPROCESSOR_DEFINITIONS = (
					"DEBUG=1",
					"$(inherited)",
				);
				GCC_SYMBOLS_PRIVATE_EXTERN = NO;
				GCC_WARN_64_TO_32_BIT_CONVERSION = YES;
				GCC_WARN_ABOUT_RETURN_TYPE = YES_ERROR;
				GCC_WARN_UNDECLARED_SELECTOR = YES;
				GCC_WARN_UNINITIALIZED_AUTOS = YES_AGGRESSIVE;
				GCC_WARN_UNUSED_FUNCTION = YES;
				GCC_WARN_UNUSED_VARIABLE = YES;
				IPHONEOS_DEPLOYMENT_TARGET = 15.1;
				LD_RUNPATH_SEARCH_PATHS = (
					/usr/lib/swift,
					"$(inherited)",
				);
				LIBRARY_SEARCH_PATHS = (
					"\"$(SDKROOT)/usr/lib/swift\"",
					"\"$(TOOLCHAIN_DIR)/usr/lib/swift/$(PLATFORM_NAME)\"",
					"\"$(inherited)\"",
				);
				MTL_ENABLE_DEBUG_INFO = YES;
				ONLY_ACTIVE_ARCH = YES;
				OTHER_CPLUSPLUSFLAGS = (
					"$(OTHER_CFLAGS)",
					"-DFOLLY_NO_CONFIG",
					"-DFOLLY_MOBILE=1",
					"-DFOLLY_USE_LIBCPP=1",
					"-DFOLLY_CFG_NO_COROUTINES=1",
					"-DFOLLY_HAVE_CLOCK_GETTIME=1",
				);
				SDKROOT = iphoneos;
			};
			name = Debug;
		};
		83CBBA211A601CBA00E9B192 /* Release */ = {
			isa = XCBuildConfiguration;
			buildSettings = {
				ALWAYS_SEARCH_USER_PATHS = NO;
				CLANG_ANALYZER_LOCALIZABILITY_NONLOCALIZED = YES;
				CLANG_CXX_LANGUAGE_STANDARD = "c++20";
				CLANG_CXX_LIBRARY = "libc++";
				CLANG_ENABLE_MODULES = YES;
				CLANG_ENABLE_OBJC_ARC = YES;
				CLANG_WARN_BLOCK_CAPTURE_AUTORELEASING = YES;
				CLANG_WARN_BOOL_CONVERSION = YES;
				CLANG_WARN_COMMA = YES;
				CLANG_WARN_CONSTANT_CONVERSION = YES;
				CLANG_WARN_DEPRECATED_OBJC_IMPLEMENTATIONS = YES;
				CLANG_WARN_DIRECT_OBJC_ISA_USAGE = YES_ERROR;
				CLANG_WARN_EMPTY_BODY = YES;
				CLANG_WARN_ENUM_CONVERSION = YES;
				CLANG_WARN_INFINITE_RECURSION = YES;
				CLANG_WARN_INT_CONVERSION = YES;
				CLANG_WARN_NON_LITERAL_NULL_CONVERSION = YES;
				CLANG_WARN_OBJC_IMPLICIT_RETAIN_SELF = YES;
				CLANG_WARN_OBJC_LITERAL_CONVERSION = YES;
				CLANG_WARN_OBJC_ROOT_CLASS = YES_ERROR;
				CLANG_WARN_QUOTED_INCLUDE_IN_FRAMEWORK_HEADER = YES;
				CLANG_WARN_RANGE_LOOP_ANALYSIS = YES;
				CLANG_WARN_STRICT_PROTOTYPES = YES;
				CLANG_WARN_SUSPICIOUS_MOVE = YES;
				CLANG_WARN_UNREACHABLE_CODE = YES;
				CLANG_WARN__DUPLICATE_METHOD_MATCH = YES;
				"CODE_SIGN_IDENTITY[sdk=iphoneos*]" = "iPhone Developer";
				COPY_PHASE_STRIP = YES;
				ENABLE_NS_ASSERTIONS = NO;
				ENABLE_STRICT_OBJC_MSGSEND = YES;
				"EXCLUDED_ARCHS[sdk=iphonesimulator*]" = "";
				GCC_C_LANGUAGE_STANDARD = gnu99;
				GCC_NO_COMMON_BLOCKS = YES;
				GCC_WARN_64_TO_32_BIT_CONVERSION = YES;
				GCC_WARN_ABOUT_RETURN_TYPE = YES_ERROR;
				GCC_WARN_UNDECLARED_SELECTOR = YES;
				GCC_WARN_UNINITIALIZED_AUTOS = YES_AGGRESSIVE;
				GCC_WARN_UNUSED_FUNCTION = YES;
				GCC_WARN_UNUSED_VARIABLE = YES;
				IPHONEOS_DEPLOYMENT_TARGET = 15.1;
				LD_RUNPATH_SEARCH_PATHS = (
					/usr/lib/swift,
					"$(inherited)",
				);
				LIBRARY_SEARCH_PATHS = (
					"\"$(SDKROOT)/usr/lib/swift\"",
					"\"$(TOOLCHAIN_DIR)/usr/lib/swift/$(PLATFORM_NAME)\"",
					"\"$(inherited)\"",
				);
				MTL_ENABLE_DEBUG_INFO = NO;
				OTHER_CPLUSPLUSFLAGS = (
					"$(OTHER_CFLAGS)",
					"-DFOLLY_NO_CONFIG",
					"-DFOLLY_MOBILE=1",
					"-DFOLLY_USE_LIBCPP=1",
					"-DFOLLY_CFG_NO_COROUTINES=1",
					"-DFOLLY_HAVE_CLOCK_GETTIME=1",
				);
				SDKROOT = iphoneos;
				VALIDATE_PRODUCT = YES;
			};
			name = Release;
		};
		D4F8A2112B68120000A75B9A /* Debug */ = {
			isa = XCBuildConfiguration;
			buildSettings = {
				CLANG_ENABLE_MODULES = YES;
				CLANG_ENABLE_OBJC_ARC = YES;
				GCC_PREPROCESSOR_DEFINITIONS = (
					"DEBUG=1",
					"$(inherited)",
				);
				GENERATE_INFOPLIST_FILE = YES;
				HEADER_SEARCH_PATHS = (
					"$(SRCROOT)/ScanEngine/Security",
					"$(SRCROOT)/ScanEngine/Discovery",
					"$(inherited)",
				);
				IPHONEOS_DEPLOYMENT_TARGET = 15.1;
				LD_RUNPATH_SEARCH_PATHS = (
					"$(inherited)",
					"@executable_path/Frameworks",
					"@loader_path/Frameworks",
				);
				OTHER_LDFLAGS = (
					"$(inherited)",
					"-framework",
					XCTest,
				);
				PRODUCT_BUNDLE_IDENTIFIER = "com.dupbuster.ScanEngineTests";
				PRODUCT_NAME = "$(TARGET_NAME)";
				SUPPORTED_PLATFORMS = "iphoneos iphonesimulator";
				TARGETED_DEVICE_FAMILY = "1,2";
			};
			name = Debug;
		};
		D4F8A2122B68120000A75B9A /* Release */ = {
			isa = XCBuildConfiguration;
			buildSettings = {
				CLANG_ENABLE_MODULES = YES;
				CLANG_ENABLE_OBJC_ARC = YES;
				GENERATE_INFOPLIST_FILE = YES;
				HEADER_SEARCH_PATHS = (
					"$(SRCROOT)/ScanEngine/Security",
					"$(SRCROOT)/ScanEngine/Discovery",
					"$(inherited)",
				);
				IPHONEOS_DEPLOYMENT_TARGET = 15.1;
				LD_RUNPATH_SEARCH_PATHS = (
					"$(inherited)",
					"@executable_path/Frameworks",
					"@loader_path/Frameworks",
				);
				OTHER_LDFLAGS = (
					"$(inherited)",
					"-framework",
					XCTest,
				);
				PRODUCT_BUNDLE_IDENTIFIER = "com.dupbuster.ScanEngineTests";
				PRODUCT_NAME = "$(TARGET_NAME)";
				SUPPORTED_PLATFORMS = "iphoneos iphonesimulator";
				TARGETED_DEVICE_FAMILY = "1,2";
			};
			name = Release;
		};
/* End XCBuildConfiguration section */

/* Begin XCConfigurationList section */
		13B07F931A680F5B00A75B9A /* Build configuration list for PBXNativeTarget "Dupbuster" */ = {
			isa = XCConfigurationList;
			buildConfigurations = (
				13B07F941A680F5B00A75B9A /* Debug */,
				13B07F951A680F5B00A75B9A /* Release */,
			);
			defaultConfigurationIsVisible = 0;
			defaultConfigurationName = Release;
		};
		83CBB9FA1A601CBA00E9B192 /* Build configuration list for PBXProject "Dupbuster" */ = {
			isa = XCConfigurationList;
			buildConfigurations = (
				83CBBA201A601CBA00E9B192 /* Debug */,
				83CBBA211A601CBA00E9B192 /* Release */,
			);
			defaultConfigurationIsVisible = 0;
			defaultConfigurationName = Release;
		};
		D4F8A2132B68120000A75B9A /* Build configuration list for PBXNativeTarget "DupbusterScanEngineTests" */ = {
			isa = XCConfigurationList;
			buildConfigurations = (
				D4F8A2112B68120000A75B9A /* Debug */,
				D4F8A2122B68120000A75B9A /* Release */,
			);
			defaultConfigurationIsVisible = 0;
			defaultConfigurationName = Release;
		};
/* End XCConfigurationList section */
	};
	rootObject = 83CBB9F71A601CBA00E9B192 /* Project object */;
}
